Microsoft Visual Studio Solution File, Format Version 12.00
# Visual Studio Version 17
VisualStudioVersion = 17.5.2.0
MinimumVisualStudioVersion = 10.0.40219.1
Project("{FAE04EC0-301F-11D3-BF4B-00C04F79EFBC}") = "desafio-easy", "desafio-easy.csproj", "{A44C877A-1CD5-CBB1-2CEF-7B32D556A4F6}"
EndProject
Global
	GlobalSection(SolutionConfigurationPlatforms) = preSolution
		Debug|Any CPU = Debug|Any CPU
		Release|Any CPU = Release|Any CPU
	EndGlobalSection
	GlobalSection(ProjectConfigurationPlatforms) = postSolution
		{A44C877A-1CD5-CBB1-2CEF-7B32D556A4F6}.Debug|Any CPU.ActiveCfg = Debug|Any CPU
		{A44C877A-1CD5-CBB1-2CEF-7B32D556A4F6}.Debug|Any CPU.Build.0 = Debug|Any CPU
		{A44C877A-1CD5-CBB1-2CEF-7B32D556A4F6}.Release|Any CPU.ActiveCfg = Release|Any CPU
		{A44C877A-1CD5-CBB1-2CEF-7B32D556A4F6}.Release|Any CPU.Build.0 = Release|Any CPU
	EndGlobalSection
	GlobalSection(SolutionProperties) = preSolution
		HideSolutionNode = FALSE
	EndGlobalSection
	GlobalSection(ExtensibilityGlobals) = postSolution
		SolutionGuid = {081677E0-245E-4FEF-BF0F-21658E912677}
	EndGlobalSection
EndGlobal
